// !$*UTF8*$!
{
	archiveVersion = 1;
	classes = {
	};
	objectVersion = 77;
	objects = {

/* Begin PBXContainerItemProxy section */
		4BD7664E2E26A07800BBCC59 /* PBXContainerItemProxy */ = {
			isa = PBXContainerItemProxy;
			containerPortal = 4BD7662F2E26A07600BBCC59 /* Project object */;
			proxyType = 1;
			remoteGlobalIDString = 4BD766362E26A07600BBCC59;
			remoteInfo = CardWorkoutApp;
		};
		4BD766582E26A07800BBCC59 /* PBXContainerItemProxy */ = {
			isa = PBXContainerItemProxy;
			containerPortal = 4BD7662F2E26A07600BBCC59 /* Project object */;
			proxyType = 1;
			remoteGlobalIDString = 4BD766362E26A07600BBCC59;
			remoteInfo = CardWorkoutApp;
		};
/* End PBXContainerItemProxy section */

/* Begin PBXFileReference section */
		4BD766372E26A07600BBCC59 /* CardWorkoutApp.app */ = {isa = PBXFileReference; explicitFileType = wrapper.application; includeInIndex = 0; path = CardWorkoutApp.app; sourceTree = BUILT_PRODUCTS_DIR; };
		4BD7664D2E26A07800BBCC59 /* CardWorkoutAppTests.xctest */ = {isa = PBXFileReference; explicitFileType = wrapper.cfbundle; includeInIndex = 0; path = CardWorkoutAppTests.xctest; sourceTree = BUILT_PRODUCTS_DIR; };
		4BD766572E26A07800BBCC59 /* CardWorkoutAppUITests.xctest */ = {isa = PBXFileReference; explicitFileType = wrapper.cfbundle; includeInIndex = 0; path = CardWorkoutAppUITests.xctest; sourceTree = BUILT_PRODUCTS_DIR; };
/* End PBXFileReference section */

/* Begin PBXFileSystemSynchronizedBuildFileExceptionSet section */
		4BD7665F2E26A07800BBCC59 /* Exceptions for "CardWorkoutApp" folder in "CardWorkoutApp" target */ = {
			isa = PBXFileSystemSynchronizedBuildFileExceptionSet;
			membershipExceptions = (
				Info.plist,
			);
			target = 4BD766362E26A07600BBCC59 /* CardWorkoutApp */;
		};
/* End PBXFileSystemSynchronizedBuildFileExceptionSet section */

/* Begin PBXFileSystemSynchronizedRootGroup section */
		4BD766392E26A07600BBCC59 /* CardWorkoutApp */ = {
			isa = PBXFileSystemSynchronizedRootGroup;
			exceptions = (
				4BD7665F2E26A07800BBCC59 /* Exceptions for "CardWorkoutApp" folder in "CardWorkoutApp" target */,
			);
			path = CardWorkoutApp;
			sourceTree = "<group>";
		};
		4BD766502E26A07800BBCC59 /* CardWorkoutAppTests */ = {
			isa = PBXFileSystemSynchronizedRootGroup;
			path = CardWorkoutAppTests;
			sourceTree = "<group>";
		};
		4BD7665A2E26A07800BBCC59 /* CardWorkoutAppUITests */ = {
			isa = PBXFileSystemSynchronizedRootGroup;
			path = CardWorkoutAppUITests;
			sourceTree = "<group>";
		};
/* End PBXFileSystemSynchronizedRootGroup section */

/* Begin PBXFrameworksBuildPhase section */
		4BD766342E26A07600BBCC59 /* Frameworks */ = {
			isa = PBXFrameworksBuildPhase;
			buildActionMask = 2147483647;
			files = (
			);
			runOnlyForDeploymentPostprocessing = 0;
		};
		4BD7664A2E26A07800BBCC59 /* Frameworks */ = {
			isa = PBXFrameworksBuildPhase;
			buildActionMask = 2147483647;
			files = (
			);
			runOnlyForDeploymentPostprocessing = 0;
		};
		4BD766542E26A07800BBCC59 /* Frameworks */ = {
			isa = PBXFrameworksBuildPhase;
			buildActionMask = 2147483647;
			files = (
			);
			runOnlyForDeploymentPostprocessing = 0;
		};
/* End PBXFrameworksBuildPhase section */

/* Begin PBXGroup section */
		4BD7662E2E26A07600BBCC59 = {
			isa = PBXGroup;
			children = (
				4BD766392E26A07600BBCC59 /* CardWorkoutApp */,
				4BD766502E26A07800BBCC59 /* CardWorkoutAppTests */,
				4BD7665A2E26A07800BBCC59 /* CardWorkoutAppUITests */,
				4BD766382E26A07600BBCC59 /* Products */,
			);
			sourceTree = "<group>";
		};
		4BD766382E26A07600BBCC59 /* Products */ = {
			isa = PBXGroup;
			children = (
				4BD766372E26A07600BBCC59 /* CardWorkoutApp.app */,
				4BD7664D2E26A07800BBCC59 /* CardWorkoutAppTests.xctest */,
				4BD766572E26A07800BBCC59 /* CardWorkoutAppUITests.xctest */,
			);
			name = Products;
			sourceTree = "<group>";
		};
/* End PBXGroup section */

/* Begin PBXNativeTarget section */
		4BD766362E26A07600BBCC59 /* CardWorkoutApp */ = {
			isa = PBXNativeTarget;
			buildConfigurationList = 4BD766602E26A07800BBCC59 /* Build configuration list for PBXNativeTarget "CardWorkoutApp" */;
			buildPhases = (
				4BD766332E26A07600BBCC59 /* Sources */,
				4BD766342E26A07600BBCC59 /* Frameworks */,
				4BD766352E26A07600BBCC59 /* Resources */,
			);
			buildRules = (
			);
			dependencies = (
			);
			fileSystemSynchronizedGroups = (
				4BD766392E26A07600BBCC59 /* CardWorkoutApp */,
			);
			name = CardWorkoutApp;
			packageProductDependencies = (
			);
			productName = CardWorkoutApp;
			productReference = 4BD766372E26A07600BBCC59 /* CardWorkoutApp.app */;
			productType = "com.apple.product-type.application";
		};
		4BD7664C2E26A07800BBCC59 /* CardWorkoutAppTests */ = {
			isa = PBXNativeTarget;
			buildConfigurationList = 4BD766652E26A07800BBCC59 /* Build configuration list for PBXNativeTarget "CardWorkoutAppTests" */;
			buildPhases = (
				4BD766492E26A07800BBCC59 /* Sources */,
				4BD7664A2E26A07800BBCC59 /* Frameworks */,
				4BD7664B2E26A07800BBCC59 /* Resources */,
			);
			buildRules = (
			);
			dependencies = (
				4BD7664F2E26A07800BBCC59 /* PBXTargetDependency */,
			);
			fileSystemSynchronizedGroups = (
				4BD766502E26A07800BBCC59 /* CardWorkoutAppTests */,
			);
			name = CardWorkoutAppTests;
			packageProductDependencies = (
			);
			productName = CardWorkoutAppTests;
			productReference = 4BD7664D2E26A07800BBCC59 /* CardWorkoutAppTests.xctest */;
			productType = "com.apple.product-type.bundle.unit-test";
		};
		4BD766562E26A07800BBCC59 /* CardWorkoutAppUITests */ = {
			isa = PBXNativeTarget;
			buildConfigurationList = 4BD766682E26A07800BBCC59 /* Build configuration list for PBXNativeTarget "CardWorkoutAppUITests" */;
			buildPhases = (
				4BD766532E26A07800BBCC59 /* Sources */,
				4BD766542E26A07800BBCC59 /* Frameworks */,
				4BD766552E26A07800BBCC59 /* Resources */,
			);
			buildRules = (
			);
			dependencies = (
				4BD766592E26A07800BBCC59 /* PBXTargetDependency */,
			);
			fileSystemSynchronizedGroups = (
				4BD7665A2E26A07800BBCC59 /* CardWorkoutAppUITests */,
			);
			name = CardWorkoutAppUITests;
			packageProductDependencies = (
			);
			productName = CardWorkoutAppUITests;
			productReference = 4BD766572E26A07800BBCC59 /* CardWorkoutAppUITests.xctest */;
			productType = "com.apple.product-type.bundle.ui-testing";
		};
/* End PBXNativeTarget section */

/* Begin PBXProject section */
		4BD7662F2E26A07600BBCC59 /* Project object */ = {
			isa = PBXProject;
			attributes = {
				BuildIndependentTargetsInParallel = 1;
				LastSwiftUpdateCheck = 1640;
				LastUpgradeCheck = 1640;
				TargetAttributes = {
					4BD766362E26A07600BBCC59 = {
						CreatedOnToolsVersion = 16.4;
					};
					4BD7664C2E26A07800BBCC59 = {
						CreatedOnToolsVersion = 16.4;
						TestTargetID = 4BD766362E26A07600BBCC59;
					};
					4BD766562E26A07800BBCC59 = {
						CreatedOnToolsVersion = 16.4;
						TestTargetID = 4BD766362E26A07600BBCC59;
					};
				};
			};
			buildConfigurationList = 4BD766322E26A07600BBCC59 /* Build configuration list for PBXProject "CardWorkoutApp" */;
			developmentRegion = en;
			hasScannedForEncodings = 0;
			knownRegions = (
				en,
				Base,
			);
			mainGroup = 4BD7662E2E26A07600BBCC59;
			minimizedProjectReferenceProxies = 1;
			preferredProjectObjectVersion = 77;
			productRefGroup = 4BD766382E26A07600BBCC59 /* Products */;
			projectDirPath = "";
			projectRoot = "";
			targets = (
				4BD766362E26A07600BBCC59 /* CardWorkoutApp */,
				4BD7664C2E26A07800BBCC59 /* CardWorkoutAppTests */,
				4BD766562E26A07800BBCC59 /* CardWorkoutAppUITests */,
			);
		};
/* End PBXProject section */

/* Begin PBXResourcesBuildPhase section */
		4BD766352E26A07600BBCC59 /* Resources */ = {
			isa = PBXResourcesBuildPhase;
			buildActionMask = 2147483647;
			files = (
			);
			runOnlyForDeploymentPostprocessing = 0;
		};
		4BD7664B2E26A07800BBCC59 /* Resources */ = {
			isa = PBXResourcesBuildPhase;
			buildActionMask = 2147483647;
			files = (
			);
			runOnlyForDeploymentPostprocessing = 0;
		};
		4BD766552E26A07800BBCC59 /* Resources */ = {
			isa = PBXResourcesBuildPhase;
			buildActionMask = 2147483647;
			files = (
			);
			runOnlyForDeploymentPostprocessing = 0;
		};
/* End PBXResourcesBuildPhase section */

/* Begin PBXSourcesBuildPhase section */
		4BD766332E26A07600BBCC59 /* Sources */ = {
			isa = PBXSourcesBuildPhase;
			buildActionMask = 2147483647;
			files = (
			);
			runOnlyForDeploymentPostprocessing = 0;
		};
		4BD766492E26A07800BBCC59 /* Sources */ = {
			isa = PBXSourcesBuildPhase;
			buildActionMask = 2147483647;
			files = (
			);
			runOnlyForDeploymentPostprocessing = 0;
		};
		4BD766532E26A07800BBCC59 /* Sources */ = {
			isa = PBXSourcesBuildPhase;
			buildActionMask = 2147483647;
			files = (
			);
			runOnlyForDeploymentPostprocessing = 0;
		};
/* End PBXSourcesBuildPhase section */

/* Begin PBXTargetDependency section */
		4BD7664F2E26A07800BBCC59 /* PBXTargetDependency */ = {
			isa = PBXTargetDependency;
			target = 4BD766362E26A07600BBCC59 /* CardWorkoutApp */;
			targetProxy = 4BD7664E2E26A07800BBCC59 /* PBXContainerItemProxy */;
		};
		4BD766592E26A07800BBCC59 /* PBXTargetDependency */ = {
			isa = PBXTargetDependency;
			target = 4BD766362E26A07600BBCC59 /* CardWorkoutApp */;
			targetProxy = 4BD766582E26A07800BBCC59 /* PBXContainerItemProxy */;
		};
/* End PBXTargetDependency section */

/* Begin XCBuildConfiguration section */
		4BD766612E26A07800BBCC59 /* Debug */ = {
			isa = XCBuildConfiguration;
			buildSettings = {
				ASSETCATALOG_COMPILER_APPICON_NAME = AppIcon;
				ASSETCATALOG_COMPILER_GLOBAL_ACCENT_COLOR_NAME = AccentColor;
				CODE_SIGN_STYLE = Automatic;
				CURRENT_PROJECT_VERSION = 1;
				GENERATE_INFOPLIST_FILE = YES;
				INFOPLIST_FILE = CardWorkoutApp/Info.plist;
				INFOPLIST_KEY_UIApplicationSupportsIndirectInputEvents = YES;
				INFOPLIST_KEY_UILaunchStoryboardName = LaunchScreen;
				INFOPLIST_KEY_UIMainStoryboardFile = Main;
				INFOPLIST_KEY_UISupportedInterfaceOrientations_iPad = "UIInterfaceOrientationPortrait UIInterfaceOrientationPortraitUpsideDown UIInterfaceOrientationLandscapeLeft UIInterfaceOrientationLandscapeRight";
				INFOPLIST_KEY_UISupportedInterfaceOrientations_iPhone = "UIInterfaceOrientationPortrait UIInterfaceOrientationLandscapeLeft UIInterfaceOrientationLandscapeRight";
				LD_RUNPATH_SEARCH_PATHS = (
					"$(inherited)",
					"@executable_path/Frameworks",
				);
				MARKETING_VERSION = 1.0;
				PRODUCT_BUNDLE_IDENTIFIER = com.archana.CardWorkoutApp;
				PRODUCT_NAME = "$(TARGET_NAME)";
				SWIFT_EMIT_LOC_STRINGS = YES;
				SWIFT_VERSION = 5.0;
				TARGETED_DEVICE_FAMILY = "1,2";
			};
			name = Debug;
		};
		4BD766622E26A07800BBCC59 /* Release */ = {
			isa = XCBuildConfiguration;
			buildSettings = {
				ASSETCATALOG_COMPILER_APPICON_NAME = AppIcon;
				ASSETCATALOG_COMPILER_GLOBAL_ACCENT_COLOR_NAME = AccentColor;
				CODE_SIGN_STYLE = Automatic;
				CURRENT_PROJECT_VERSION = 1;
				GENERATE_INFOPLIST_FILE = YES;
				INFOPLIST_FILE = CardWorkoutApp/Info.plist;
				INFOPLIST_KEY_UIApplicationSupportsIndirectInputEvents = YES;
				INFOPLIST_KEY_UILaunchStoryboardName = LaunchScreen;
				INFOPLIST_KEY_UIMainStoryboardFile = Main;
				INFOPLIST_KEY_UISupportedInterfaceOrientations_iPad = "UIInterfaceOrientationPortrait UIInterfaceOrientationPortraitUpsideDown UIInterfaceOrientationLandscapeLeft UIInterfaceOrientationLandscapeRight";
				INFOPLIST_KEY_UISupportedInterfaceOrientations_iPhone = "UIInterfaceOrientationPortrait UIInterfaceOrientationLandscapeLeft UIInterfaceOrientationLandscapeRight";
				LD_RUNPATH_SEARCH_PATHS = (
					"$(inherited)",
					"@executable_path/Frameworks",
				);
				MARKETING_VERSION = 1.0;
				PRODUCT_BUNDLE_IDENTIFIER = com.archana.CardWorkoutApp;
				PRODUCT_NAME = "$(TARGET_NAME)";
				SWIFT_EMIT_LOC_STRINGS = YES;
				SWIFT_VERSION = 5.0;
				TARGETED_DEVICE_FAMILY = "1,2";
			};
			name = Release;
		};
		4BD766632E26A07800BBCC59 /* Debug */ = {
			isa = XCBuildConfiguration;
			buildSettings = {
				ALWAYS_SEARCH_USER_PATHS = NO;
				ASSETCATALOG_COMPILER_GENERATE_SWIFT_ASSET_SYMBOL_EXTENSIONS = YES;
				CLANG_ANALYZER_NONNULL = YES;
				CLANG_ANALYZER_NUMBER_OBJECT_CONVERSION = YES_AGGRESSIVE;
				CLANG_CXX_LANGUAGE_STANDARD = "gnu++20";
				CLANG_ENABLE_MODULES = YES;
				CLANG_ENABLE_OBJC_ARC = YES;
				CLANG_ENABLE_OBJC_WEAK = YES;
				CLANG_WARN_BLOCK_CAPTURE_AUTORELEASING = YES;
				CLANG_WARN_BOOL_CONVERSION = YES;
				CLANG_WARN_COMMA = YES;
				CLANG_WARN_CONSTANT_CONVERSION = YES;
				CLANG_WARN_DEPRECATED_OBJC_IMPLEMENTATIONS = YES;
				CLANG_WARN_DIRECT_OBJC_ISA_USAGE = YES_ERROR;
				CLANG_WARN_DOCUMENTATION_COMMENTS = YES;
				CLANG_WARN_EMPTY_BODY = YES;
				CLANG_WARN_ENUM_CONVERSION = YES;
				CLANG_WARN_INFINITE_RECURSION = YES;
				CLANG_WARN_INT_CONVERSION = YES;
				CLANG_WARN_NON_LITERAL_NULL_CONVERSION = YES;
				CLANG_WARN_OBJC_IMPLICIT_RETAIN_SELF = YES;
				CLANG_WARN_OBJC_LITERAL_CONVERSION = YES;
				CLANG_WARN_OBJC_ROOT_CLASS = YES_ERROR;
				CLANG_WARN_QUOTED_INCLUDE_IN_FRAMEWORK_HEADER = YES;
				CLANG_WARN_RANGE_LOOP_ANALYSIS = YES;
				CLANG_WARN_STRICT_PROTOTYPES = YES;
				CLANG_WARN_SUSPICIOUS_MOVE = YES;
				CLANG_WARN_UNGUARDED_AVAILABILITY = YES_AGGRESSIVE;
				CLANG_WARN_UNREACHABLE_CODE = YES;
				CLANG_WARN__DUPLICATE_METHOD_MATCH = YES;
				COPY_PHASE_STRIP = NO;
				DEBUG_INFORMATION_FORMAT = dwarf;
				ENABLE_STRICT_OBJC_MSGSEND = YES;
				ENABLE_TESTABILITY = YES;
				ENABLE_USER_SCRIPT_SANDBOXING = YES;
				GCC_C_LANGUAGE_STANDARD = gnu17;
				GCC_DYNAMIC_NO_PIC = NO;
				GCC_NO_COMMON_BLOCKS = YES;
				GCC_OPTIMIZATION_LEVEL = 0;
				GCC_PREPROCESSOR_DEFINITIONS = (
					"DEBUG=1",
					"$(inherited)",
				);
				GCC_WARN_64_TO_32_BIT_CONVERSION = YES;
				GCC_WARN_ABOUT_RETURN_TYPE = YES_ERROR;
				GCC_WARN_UNDECLARED_SELECTOR = YES;
				GCC_WARN_UNINITIALIZED_AUTOS = YES_AGGRESSIVE;
				GCC_WARN_UNUSED_FUNCTION = YES;
				GCC_WARN_UNUSED_VARIABLE = YES;
				IPHONEOS_DEPLOYMENT_TARGET = 18.5;
				LOCALIZATION_PREFERS_STRING_CATALOGS = YES;
				MTL_ENABLE_DEBUG_INFO = INCLUDE_SOURCE;
				MTL_FAST_MATH = YES;
				ONLY_ACTIVE_ARCH = YES;
				SDKROOT = iphoneos;
				SWIFT_ACTIVE_COMPILATION_CONDITIONS = "DEBUG $(inherited)";
				SWIFT_OPTIMIZATION_LEVEL = "-Onone";
			};
			name = Debug;
		};
		4BD766642E26A07800BBCC59 /* Release */ = {
			isa = XCBuildConfiguration;
			buildSettings = {
				ALWAYS_SEARCH_USER_PATHS = NO;
				ASSETCATALOG_COMPILER_GENERATE_SWIFT_ASSET_SYMBOL_EXTENSIONS = YES;
				CLANG_ANALYZER_NONNULL = YES;
				CLANG_ANALYZER_NUMBER_OBJECT_CONVERSION = YES_AGGRESSIVE;
				CLANG_CXX_LANGUAGE_STANDARD = "gnu++20";
				CLANG_ENABLE_MODULES = YES;
				CLANG_ENABLE_OBJC_ARC = YES;
				CLANG_ENABLE_OBJC_WEAK = YES;
				CLANG_WARN_BLOCK_CAPTURE_AUTORELEASING = YES;
				CLANG_WARN_BOOL_CONVERSION = YES;
				CLANG_WARN_COMMA = YES;
				CLANG_WARN_CONSTANT_CONVERSION = YES;
				CLANG_WARN_DEPRECATED_OBJC_IMPLEMENTATIONS = YES;
				CLANG_WARN_DIRECT_OBJC_ISA_USAGE = YES_ERROR;
				CLANG_WARN_DOCUMENTATION_COMMENTS = YES;
				CLANG_WARN_EMPTY_BODY = YES;
				CLANG_WARN_ENUM_CONVERSION = YES;
				CLANG_WARN_INFINITE_RECURSION = YES;
				CLANG_WARN_INT_CONVERSION = YES;
				CLANG_WARN_NON_LITERAL_NULL_CONVERSION = YES;
				CLANG_WARN_OBJC_IMPLICIT_RETAIN_SELF = YES;
				CLANG_WARN_OBJC_LITERAL_CONVERSION = YES;
				CLANG_WARN_OBJC_ROOT_CLASS = YES_ERROR;
				CLANG_WARN_QUOTED_INCLUDE_IN_FRAMEWORK_HEADER = YES;
				CLANG_WARN_RANGE_LOOP_ANALYSIS = YES;
				CLANG_WARN_STRICT_PROTOTYPES = YES;
				CLANG_WARN_SUSPICIOUS_MOVE = YES;
				CLANG_WARN_UNGUARDED_AVAILABILITY = YES_AGGRESSIVE;
				CLANG_WARN_UNREACHABLE_CODE = YES;
				CLANG_WARN__DUPLICATE_METHOD_MATCH = YES;
				COPY_PHASE_STRIP = NO;
				DEBUG_INFORMATION_FORMAT = "dwarf-with-dsym";
				ENABLE_NS_ASSERTIONS = NO;
				ENABLE_STRICT_OBJC_MSGSEND = YES;
				ENABLE_USER_SCRIPT_SANDBOXING = YES;
				GCC_C_LANGUAGE_STANDARD = gnu17;
				GCC_NO_COMMON_BLOCKS = YES;
				GCC_WARN_64_TO_32_BIT_CONVERSION = YES;
				GCC_WARN_ABOUT_RETURN_TYPE = YES_ERROR;
				GCC_WARN_UNDECLARED_SELECTOR = YES;
				GCC_WARN_UNINITIALIZED_AUTOS = YES_AGGRESSIVE;
				GCC_WARN_UNUSED_FUNCTION = YES;
				GCC_WARN_UNUSED_VARIABLE = YES;
				IPHONEOS_DEPLOYMENT_TARGET = 18.5;
				LOCALIZATION_PREFERS_STRING_CATALOGS = YES;
				MTL_ENABLE_DEBUG_INFO = NO;
				MTL_FAST_MATH = YES;
				SDKROOT = iphoneos;
				SWIFT_COMPILATION_MODE = wholemodule;
				VALIDATE_PRODUCT = YES;
			};
			name = Release;
		};
		4BD766662E26A07800BBCC59 /* Debug */ = {
			isa = XCBuildConfiguration;
			buildSettings = {
				BUNDLE_LOADER = "$(TEST_HOST)";
				CODE_SIGN_STYLE = Automatic;
				CURRENT_PROJECT_VERSION = 1;
				GENERATE_INFOPLIST_FILE = YES;
				IPHONEOS_DEPLOYMENT_TARGET = 18.5;
				MARKETING_VERSION = 1.0;
				PRODUCT_BUNDLE_IDENTIFIER = com.archana.CardWorkoutAppTests;
				PRODUCT_NAME = "$(TARGET_NAME)";
				SWIFT_EMIT_LOC_STRINGS = NO;
				SWIFT_VERSION = 5.0;
				TARGETED_DEVICE_FAMILY = "1,2";
				TEST_HOST = "$(BUILT_PRODUCTS_DIR)/CardWorkoutApp.app/$(BUNDLE_EXECUTABLE_FOLDER_PATH)/CardWorkoutApp";
			};
			name = Debug;
		};
		4BD766672E26A07800BBCC59 /* Release */ = {
			isa = XCBuildConfiguration;
			buildSettings = {
				BUNDLE_LOADER = "$(TEST_HOST)";
				CODE_SIGN_STYLE = Automatic;
				CURRENT_PROJECT_VERSION = 1;
				GENERATE_INFOPLIST_FILE = YES;
				IPHONEOS_DEPLOYMENT_TARGET = 18.5;
				MARKETING_VERSION = 1.0;
				PRODUCT_BUNDLE_IDENTIFIER = com.archana.CardWorkoutAppTests;
				PRODUCT_NAME = "$(TARGET_NAME)";
				SWIFT_EMIT_LOC_STRINGS = NO;
				SWIFT_VERSION = 5.0;
				TARGETED_DEVICE_FAMILY = "1,2";
				TEST_HOST = "$(BUILT_PRODUCTS_DIR)/CardWorkoutApp.app/$(BUNDLE_EXECUTABLE_FOLDER_PATH)/CardWorkoutApp";
			};
			name = Release;
		};
		4BD766692E26A07800BBCC59 /* Debug */ = {
			isa = XCBuildConfiguration;
			buildSettings = {
				CODE_SIGN_STYLE = Automatic;
				CURRENT_PROJECT_VERSION = 1;
				GENERATE_INFOPLIST_FILE = YES;
				MARKETING_VERSION = 1.0;
				PRODUCT_BUNDLE_IDENTIFIER = com.archana.CardWorkoutAppUITests;
				PRODUCT_NAME = "$(TARGET_NAME)";
				SWIFT_EMIT_LOC_STRINGS = NO;
				SWIFT_VERSION = 5.0;
				TARGETED_DEVICE_FAMILY = "1,2";
				TEST_TARGET_NAME = CardWorkoutApp;
			};
			name = Debug;
		};
		4BD7666A2E26A07800BBCC59 /* Release */ = {
			isa = XCBuildConfiguration;
			buildSettings = {
				CODE_SIGN_STYLE = Automatic;
				CURRENT_PROJECT_VERSION = 1;
				GENERATE_INFOPLIST_FILE = YES;
				MARKETING_VERSION = 1.0;
				PRODUCT_BUNDLE_IDENTIFIER = com.archana.CardWorkoutAppUITests;
				PRODUCT_NAME = "$(TARGET_NAME)";
				SWIFT_EMIT_LOC_STRINGS = NO;
				SWIFT_VERSION = 5.0;
				TARGETED_DEVICE_FAMILY = "1,2";
				TEST_TARGET_NAME = CardWorkoutApp;
			};
			name = Release;
		};
/* End XCBuildConfiguration section */

/* Begin XCConfigurationList section */
		4BD766322E26A07600BBCC59 /* Build configuration list for PBXProject "CardWorkoutApp" */ = {
			isa = XCConfigurationList;
			buildConfigurations = (
				4BD766632E26A07800BBCC59 /* Debug */,
				4BD766642E26A07800BBCC59 /* Release */,
			);
			defaultConfigurationIsVisible = 0;
			defaultConfigurationName = Release;
		};
		4BD766602E26A07800BBCC59 /* Build configuration list for PBXNativeTarget "CardWorkoutApp" */ = {
			isa = XCConfigurationList;
			buildConfigurations = (
				4BD766612E26A07800BBCC59 /* Debug */,
				4BD766622E26A07800BBCC59 /* Release */,
			);
			defaultConfigurationIsVisible = 0;
			defaultConfigurationName = Release;
		};
		4BD766652E26A07800BBCC59 /* Build configuration list for PBXNativeTarget "CardWorkoutAppTests" */ = {
			isa = XCConfigurationList;
			buildConfigurations = (
				4BD766662E26A07800BBCC59 /* Debug */,
				4BD766672E26A07800BBCC59 /* Release */,
			);
			defaultConfigurationIsVisible = 0;
			defaultConfigurationName = Release;
		};
		4BD766682E26A07800BBCC59 /* Build configuration list for PBXNativeTarget "CardWorkoutAppUITests" */ = {
			isa = XCConfigurationList;
			buildConfigurations = (
				4BD766692E26A07800BBCC59 /* Debug */,
				4BD7666A2E26A07800BBCC59 /* Release */,
			);
			defaultConfigurationIsVisible = 0;
			defaultConfigurationName = Release;
		};
/* End XCConfigurationList section */
	};
	rootObject = 4BD7662F2E26A07600BBCC59 /* Project object */;
}
